# generated by rye
# use `rye lock` or `rye sync` to update this lockfile
#
# last locked with the following flags:
#   pre: false
#   features: []
#   all-features: false
#   with-sources: false

asgiref==3.8.1
    # via django
django==4.2.13
    # via django-multiselectfield
django-environ==0.11.2
django-multiselectfield==0.1.12
gunicorn==22.0.0
packaging==24.0
    # via gunicorn
pillow==10.3.0
psycopg==3.1.19
    # via psycopg
psycopg-binary==3.1.19
    # via psycopg
psycopg-pool==3.2.2
    # via psycopg
pyyaml==6.0.1
sqlparse==0.5.0
    # via django
typing-extensions==4.11.0
    # via psycopg
    # via psycopg-pool
ulid-py==1.1.0
